
Microsoft Visual Studio Solution File, Format Version 12.00
# Visual Studio Version 16
VisualStudioVersion = 16.0.30804.86
MinimumVisualStudioVersion = 10.0.40219.1
Project("{FAE04EC0-301F-11D3-BF4B-00C04F79EFBC}") = "Task2", "Task2\Task2.csproj", "{1485A7A1-00EE-4323-9EA5-E788B7048633}"
EndProject
Global
	GlobalSection(SolutionConfigurationPlatforms) = preSolution
		Debug|Any CPU = Debug|Any CPU
		Release|Any CPU = Release|Any CPU
	EndGlobalSection
	GlobalSection(ProjectConfigurationPlatforms) = postSolution
		{1485A7A1-00EE-4323-9EA5-E788B7048633}.Debug|Any CPU.ActiveCfg = Debug|Any CPU
		{1485A7A1-00EE-4323-9EA5-E788B7048633}.Debug|Any CPU.Build.0 = Debug|Any CPU
		{1485A7A1-00EE-4323-9EA5-E788B7048633}.Release|Any CPU.ActiveCfg = Release|Any CPU
		{1485A7A1-00EE-4323-9EA5-E788B7048633}.Release|Any CPU.Build.0 = Release|Any CPU
	EndGlobalSection
	GlobalSection(SolutionProperties) = preSolution
		HideSolutionNode = FALSE
	EndGlobalSection
	GlobalSection(ExtensibilityGlobals) = postSolution
		SolutionGuid = {6CEAA1A5-BBA4-43FA-B157-CFB15EC9779F}
	EndGlobalSection
EndGlobal
